// !$*UTF8*$!
{
	archiveVersion = 1;
	classes = {
	};
	objectVersion = 50;
	objects = {

/* Begin PBXBuildFile section */
		8961B5BE248B887200822BA2 /* AppDelegate.swift in Sources */ = {isa = PBXBuildFile; fileRef = 8961B5BD248B887200822BA2 /* AppDelegate.swift */; };
		8961B5C0248B887200822BA2 /* SceneDelegate.swift in Sources */ = {isa = PBXBuildFile; fileRef = 8961B5BF248B887200822BA2 /* SceneDelegate.swift */; };
		8961B5C2248B887200822BA2 /* ViewController.swift in Sources */ = {isa = PBXBuildFile; fileRef = 8961B5C1248B887200822BA2 /* ViewController.swift */; };
		8961B5C5248B887200822BA2 /* Main.storyboard in Resources */ = {isa = PBXBuildFile; fileRef = 8961B5C3248B887200822BA2 /* Main.storyboard */; };
		8961B5C7248B887400822BA2 /* Assets.xcassets in Resources */ = {isa = PBXBuildFile; fileRef = 8961B5C6248B887400822BA2 /* Assets.xcassets */; };
		8961B5CA248B887400822BA2 /* LaunchScreen.storyboard in Resources */ = {isa = PBXBuildFile; fileRef = 8961B5C8248B887400822BA2 /* LaunchScreen.storyboard */; };
		8961B5D2248B8FAC00822BA2 /* sample.otf in Resources */ = {isa = PBXBuildFile; fileRef = 8961B5D1248B8F6A00822BA2 /* sample.otf */; };
		8961B5D4248CCE6F00822BA2 /* SecondViewController.swift in Sources */ = {isa = PBXBuildFile; fileRef = 8961B5D3248CCE6F00822BA2 /* SecondViewController.swift */; };
		8961B5D6248CCE7900822BA2 /* ThirdViewController.swift in Sources */ = {isa = PBXBuildFile; fileRef = 8961B5D5248CCE7900822BA2 /* ThirdViewController.swift */; };
		8961B5D9248CD16F00822BA2 /* calendar.png in Resources */ = {isa = PBXBuildFile; fileRef = 8961B5D8248CD16F00822BA2 /* calendar.png */; };
		8961B5E6248CD17C00822BA2 /* photo.png in Resources */ = {isa = PBXBuildFile; fileRef = 8961B5DA248CD17C00822BA2 /* photo.png */; };
		8961B5E7248CD17C00822BA2 /* connectivity-bar.png in Resources */ = {isa = PBXBuildFile; fileRef = 8961B5DB248CD17C00822BA2 /* connectivity-bar.png */; };
		8961B5E8248CD17C00822BA2 /* checkmark@2x.png in Resources */ = {isa = PBXBuildFile; fileRef = 8961B5DC248CD17C00822BA2 /* checkmark@2x.png */; };
		8961B5E9248CD17C00822BA2 /* designbump@2x.png in Resources */ = {isa = PBXBuildFile; fileRef = 8961B5DD248CD17C00822BA2 /* designbump@2x.png */; };
		8961B5EA248CD17C00822BA2 /* menubar-bg.png in Resources */ = {isa = PBXBuildFile; fileRef = 8961B5DE248CD17C00822BA2 /* menubar-bg.png */; };
		8961B5EB248CD17C00822BA2 /* twitter@2x.png in Resources */ = {isa = PBXBuildFile; fileRef = 8961B5DF248CD17C00822BA2 /* twitter@2x.png */; };
		8961B5EC248CD17C00822BA2 /* rss@2x.png in Resources */ = {isa = PBXBuildFile; fileRef = 8961B5E0248CD17C00822BA2 /* rss@2x.png */; };
		8961B5ED248CD17C00822BA2 /* menubar-bg-mini.png in Resources */ = {isa = PBXBuildFile; fileRef = 8961B5E1248CD17C00822BA2 /* menubar-bg-mini.png */; };
		8961B5EE248CD17C00822BA2 /* facebook@2x.png in Resources */ = {isa = PBXBuildFile; fileRef = 8961B5E2248CD17C00822BA2 /* facebook@2x.png */; };
		8961B5EF248CD17C00822BA2 /* file-tree.png in Resources */ = {isa = PBXBuildFile; fileRef = 8961B5E3248CD17C00822BA2 /* file-tree.png */; };
		8961B5F0248CD17C00822BA2 /* google@2x.png in Resources */ = {isa = PBXBuildFile; fileRef = 8961B5E4248CD17C00822BA2 /* google@2x.png */; };
		8961B5F1248CD17C00822BA2 /* homes_119.png in Resources */ = {isa = PBXBuildFile; fileRef = 8961B5E5248CD17C00822BA2 /* homes_119.png */; };
		8961B5F3248D3A1100822BA2 /* NewAppDelegate.swift in Sources */ = {isa = PBXBuildFile; fileRef = 8961B5F2248D3A1100822BA2 /* NewAppDelegate.swift */; };
		8961B5F5248D3A8700822BA2 /* NewSceneDelegate.swift in Sources */ = {isa = PBXBuildFile; fileRef = 8961B5F4248D3A8700822BA2 /* NewSceneDelegate.swift */; };
/* End PBXBuildFile section */

/* Begin PBXFileReference section */
		8961B5BA248B887200822BA2 /* JaeeunTest.app */ = {isa = PBXFileReference; explicitFileType = wrapper.application; includeInIndex = 0; path = JaeeunTest.app; sourceTree = BUILT_PRODUCTS_DIR; };
		8961B5BD248B887200822BA2 /* AppDelegate.swift */ = {isa = PBXFileReference; lastKnownFileType = sourcecode.swift; path = AppDelegate.swift; sourceTree = "<group>"; };
		8961B5BF248B887200822BA2 /* SceneDelegate.swift */ = {isa = PBXFileReference; lastKnownFileType = sourcecode.swift; path = SceneDelegate.swift; sourceTree = "<group>"; };
		8961B5C1248B887200822BA2 /* ViewController.swift */ = {isa = PBXFileReference; lastKnownFileType = sourcecode.swift; path = ViewController.swift; sourceTree = "<group>"; };
		8961B5C4248B887200822BA2 /* Base */ = {isa = PBXFileReference; lastKnownFileType = file.storyboard; name = Base; path = Base.lproj/Main.storyboard; sourceTree = "<group>"; };
		8961B5C6248B887400822BA2 /* Assets.xcassets */ = {isa = PBXFileReference; lastKnownFileType = folder.assetcatalog; path = Assets.xcassets; sourceTree = "<group>"; };
		8961B5C9248B887400822BA2 /* Base */ = {isa = PBXFileReference; lastKnownFileType = file.storyboard; name = Base; path = Base.lproj/LaunchScreen.storyboard; sourceTree = "<group>"; };
		8961B5CB248B887400822BA2 /* Info.plist */ = {isa = PBXFileReference; lastKnownFileType = text.plist.xml; path = Info.plist; sourceTree = "<group>"; };
		8961B5D1248B8F6A00822BA2 /* sample.otf */ = {isa = PBXFileReference; lastKnownFileType = file; path = sample.otf; sourceTree = "<group>"; };
		8961B5D3248CCE6F00822BA2 /* SecondViewController.swift */ = {isa = PBXFileReference; lastKnownFileType = sourcecode.swift; path = SecondViewController.swift; sourceTree = "<group>"; };
		8961B5D5248CCE7900822BA2 /* ThirdViewController.swift */ = {isa = PBXFileReference; lastKnownFileType = sourcecode.swift; path = ThirdViewController.swift; sourceTree = "<group>"; };
		8961B5D8248CD16F00822BA2 /* calendar.png */ = {isa = PBXFileReference; lastKnownFileType = image.png; path = calendar.png; sourceTree = "<group>"; };
		8961B5DA248CD17C00822BA2 /* photo.png */ = {isa = PBXFileReference; lastKnownFileType = image.png; path = photo.png; sourceTree = "<group>"; };
		8961B5DB248CD17C00822BA2 /* connectivity-bar.png */ = {isa = PBXFileReference; lastKnownFileType = image.png; path = "connectivity-bar.png"; sourceTree = "<group>"; };
		8961B5DC248CD17C00822BA2 /* checkmark@2x.png */ = {isa = PBXFileReference; lastKnownFileType = image.png; path = "checkmark@2x.png"; sourceTree = "<group>"; };
		8961B5DD248CD17C00822BA2 /* designbump@2x.png */ = {isa = PBXFileReference; lastKnownFileType = image.png; path = "designbump@2x.png"; sourceTree = "<group>"; };
		8961B5DE248CD17C00822BA2 /* menubar-bg.png */ = {isa = PBXFileReference; lastKnownFileType = image.png; path = "menubar-bg.png"; sourceTree = "<group>"; };
		8961B5DF248CD17C00822BA2 /* twitter@2x.png */ = {isa = PBXFileReference; lastKnownFileType = image.png; path = "twitter@2x.png"; sourceTree = "<group>"; };
		8961B5E0248CD17C00822BA2 /* rss@2x.png */ = {isa = PBXFileReference; lastKnownFileType = image.png; path = "rss@2x.png"; sourceTree = "<group>"; };
		8961B5E1248CD17C00822BA2 /* menubar-bg-mini.png */ = {isa = PBXFileReference; lastKnownFileType = image.png; path = "menubar-bg-mini.png"; sourceTree = "<group>"; };
		8961B5E2248CD17C00822BA2 /* facebook@2x.png */ = {isa = PBXFileReference; lastKnownFileType = image.png; path = "facebook@2x.png"; sourceTree = "<group>"; };
		8961B5E3248CD17C00822BA2 /* file-tree.png */ = {isa = PBXFileReference; lastKnownFileType = image.png; path = "file-tree.png"; sourceTree = "<group>"; };
		8961B5E4248CD17C00822BA2 /* google@2x.png */ = {isa = PBXFileReference; lastKnownFileType = image.png; path = "google@2x.png"; sourceTree = "<group>"; };
		8961B5E5248CD17C00822BA2 /* homes_119.png */ = {isa = PBXFileReference; lastKnownFileType = image.png; path = homes_119.png; sourceTree = "<group>"; };
		8961B5F2248D3A1100822BA2 /* NewAppDelegate.swift */ = {isa = PBXFileReference; lastKnownFileType = sourcecode.swift; path = NewAppDelegate.swift; sourceTree = "<group>"; };
		8961B5F4248D3A8700822BA2 /* NewSceneDelegate.swift */ = {isa = PBXFileReference; lastKnownFileType = sourcecode.swift; path = NewSceneDelegate.swift; sourceTree = "<group>"; };
/* End PBXFileReference section */

/* Begin PBXFrameworksBuildPhase section */
		8961B5B7248B887200822BA2 /* Frameworks */ = {
			isa = PBXFrameworksBuildPhase;
			buildActionMask = 2147483647;
			files = (
			);
			runOnlyForDeploymentPostprocessing = 0;
		};
/* End PBXFrameworksBuildPhase section */

/* Begin PBXGroup section */
		8961B5B1248B887200822BA2 = {
			isa = PBXGroup;
			children = (
				8961B5BC248B887200822BA2 /* JaeeunTest */,
				8961B5BB248B887200822BA2 /* Products */,
			);
			sourceTree = "<group>";
		};
		8961B5BB248B887200822BA2 /* Products */ = {
			isa = PBXGroup;
			children = (
				8961B5BA248B887200822BA2 /* JaeeunTest.app */,
			);
			name = Products;
			sourceTree = "<group>";
		};
		8961B5BC248B887200822BA2 /* JaeeunTest */ = {
			isa = PBXGroup;
			children = (
				8961B5D7248CD15800822BA2 /* Resources */,
				8961B5D1248B8F6A00822BA2 /* sample.otf */,
				8961B5BD248B887200822BA2 /* AppDelegate.swift */,
				8961B5F2248D3A1100822BA2 /* NewAppDelegate.swift */,
				8961B5BF248B887200822BA2 /* SceneDelegate.swift */,
				8961B5F4248D3A8700822BA2 /* NewSceneDelegate.swift */,
				8961B5C1248B887200822BA2 /* ViewController.swift */,
				8961B5D3248CCE6F00822BA2 /* SecondViewController.swift */,
				8961B5D5248CCE7900822BA2 /* ThirdViewController.swift */,
				8961B5C3248B887200822BA2 /* Main.storyboard */,
				8961B5C6248B887400822BA2 /* Assets.xcassets */,
				8961B5C8248B887400822BA2 /* LaunchScreen.storyboard */,
				8961B5CB248B887400822BA2 /* Info.plist */,
			);
			path = JaeeunTest;
			sourceTree = "<group>";
		};
		8961B5D7248CD15800822BA2 /* Resources */ = {
			isa = PBXGroup;
			children = (
				8961B5DC248CD17C00822BA2 /* checkmark@2x.png */,
				8961B5DB248CD17C00822BA2 /* connectivity-bar.png */,
				8961B5DD248CD17C00822BA2 /* designbump@2x.png */,
				8961B5E2248CD17C00822BA2 /* facebook@2x.png */,
				8961B5E3248CD17C00822BA2 /* file-tree.png */,
				8961B5E4248CD17C00822BA2 /* google@2x.png */,
				8961B5E5248CD17C00822BA2 /* homes_119.png */,
				8961B5E1248CD17C00822BA2 /* menubar-bg-mini.png */,
				8961B5DE248CD17C00822BA2 /* menubar-bg.png */,
				8961B5DA248CD17C00822BA2 /* photo.png */,
				8961B5E0248CD17C00822BA2 /* rss@2x.png */,
				8961B5DF248CD17C00822BA2 /* twitter@2x.png */,
				8961B5D8248CD16F00822BA2 /* calendar.png */,
			);
			path = Resources;
			sourceTree = "<group>";
		};
/* End PBXGroup section */

/* Begin PBXNativeTarget section */
		8961B5B9248B887200822BA2 /* JaeeunTest */ = {
			isa = PBXNativeTarget;
			buildConfigurationList = 8961B5CE248B887400822BA2 /* Build configuration list for PBXNativeTarget "JaeeunTest" */;
			buildPhases = (
				8961B5B6248B887200822BA2 /* Sources */,
				8961B5B7248B887200822BA2 /* Frameworks */,
				8961B5B8248B887200822BA2 /* Resources */,
			);
			buildRules = (
			);
			dependencies = (
			);
			name = JaeeunTest;
			productName = JaeeunTest;
			productReference = 8961B5BA248B887200822BA2 /* JaeeunTest.app */;
			productType = "com.apple.product-type.application";
		};
/* End PBXNativeTarget section */

/* Begin PBXProject section */
		8961B5B2248B887200822BA2 /* Project object */ = {
			isa = PBXProject;
			attributes = {
				LastSwiftUpdateCheck = 1150;
				LastUpgradeCheck = 1150;
				ORGANIZATIONNAME = "Jeongbae Kong";
				TargetAttributes = {
					8961B5B9248B887200822BA2 = {
						CreatedOnToolsVersion = 11.5;
					};
				};
			};
			buildConfigurationList = 8961B5B5248B887200822BA2 /* Build configuration list for PBXProject "JaeeunTest" */;
			compatibilityVersion = "Xcode 9.3";
			developmentRegion = en;
			hasScannedForEncodings = 0;
			knownRegions = (
				en,
				Base,
			);
			mainGroup = 8961B5B1248B887200822BA2;
			productRefGroup = 8961B5BB248B887200822BA2 /* Products */;
			projectDirPath = "";
			projectRoot = "";
			targets = (
				8961B5B9248B887200822BA2 /* JaeeunTest */,
			);
		};
/* End PBXProject section */

/* Begin PBXResourcesBuildPhase section */
		8961B5B8248B887200822BA2 /* Resources */ = {
			isa = PBXResourcesBuildPhase;
			buildActionMask = 2147483647;
			files = (
				8961B5D2248B8FAC00822BA2 /* sample.otf in Resources */,
				8961B5CA248B887400822BA2 /* LaunchScreen.storyboard in Resources */,
				8961B5EE248CD17C00822BA2 /* facebook@2x.png in Resources */,
				8961B5E6248CD17C00822BA2 /* photo.png in Resources */,
				8961B5EB248CD17C00822BA2 /* twitter@2x.png in Resources */,
				8961B5E7248CD17C00822BA2 /* connectivity-bar.png in Resources */,
				8961B5EF248CD17C00822BA2 /* file-tree.png in Resources */,
				8961B5F1248CD17C00822BA2 /* homes_119.png in Resources */,
				8961B5F0248CD17C00822BA2 /* google@2x.png in Resources */,
				8961B5ED248CD17C00822BA2 /* menubar-bg-mini.png in Resources */,
				8961B5D9248CD16F00822BA2 /* calendar.png in Resources */,
				8961B5C7248B887400822BA2 /* Assets.xcassets in Resources */,
				8961B5E9248CD17C00822BA2 /* designbump@2x.png in Resources */,
				8961B5EA248CD17C00822BA2 /* menubar-bg.png in Resources */,
				8961B5E8248CD17C00822BA2 /* checkmark@2x.png in Resources */,
				8961B5C5248B887200822BA2 /* Main.storyboard in Resources */,
				8961B5EC248CD17C00822BA2 /* rss@2x.png in Resources */,
			);
			runOnlyForDeploymentPostprocessing = 0;
		};
/* End PBXResourcesBuildPhase section */

/* Begin PBXSourcesBuildPhase section */
		8961B5B6248B887200822BA2 /* Sources */ = {
			isa = PBXSourcesBuildPhase;
			buildActionMask = 2147483647;
			files = (
				8961B5D4248CCE6F00822BA2 /* SecondViewController.swift in Sources */,
				8961B5C2248B887200822BA2 /* ViewController.swift in Sources */,
				8961B5D6248CCE7900822BA2 /* ThirdViewController.swift in Sources */,
				8961B5F3248D3A1100822BA2 /* NewAppDelegate.swift in Sources */,
				8961B5BE248B887200822BA2 /* AppDelegate.swift in Sources */,
				8961B5C0248B887200822BA2 /* SceneDelegate.swift in Sources */,
				8961B5F5248D3A8700822BA2 /* NewSceneDelegate.swift in Sources */,
			);
			runOnlyForDeploymentPostprocessing = 0;
		};
/* End PBXSourcesBuildPhase section */

/* Begin PBXVariantGroup section */
		8961B5C3248B887200822BA2 /* Main.storyboard */ = {
			isa = PBXVariantGroup;
			children = (
				8961B5C4248B887200822BA2 /* Base */,
			);
			name = Main.storyboard;
			sourceTree = "<group>";
		};
		8961B5C8248B887400822BA2 /* LaunchScreen.storyboard */ = {
			isa = PBXVariantGroup;
			children = (
				8961B5C9248B887400822BA2 /* Base */,
			);
			name = LaunchScreen.storyboard;
			sourceTree = "<group>";
		};
/* End PBXVariantGroup section */

/* Begin XCBuildConfiguration section */
		8961B5CC248B887400822BA2 /* Debug */ = {
			isa = XCBuildConfiguration;
			buildSettings = {
				ALWAYS_SEARCH_USER_PATHS = NO;
				CLANG_ANALYZER_NONNULL = YES;
				CLANG_ANALYZER_NUMBER_OBJECT_CONVERSION = YES_AGGRESSIVE;
				CLANG_CXX_LANGUAGE_STANDARD = "gnu++14";
				CLANG_CXX_LIBRARY = "libc++";
				CLANG_ENABLE_MODULES = YES;
				CLANG_ENABLE_OBJC_ARC = YES;
				CLANG_ENABLE_OBJC_WEAK = YES;
				CLANG_WARN_BLOCK_CAPTURE_AUTORELEASING = YES;
				CLANG_WARN_BOOL_CONVERSION = YES;
				CLANG_WARN_COMMA = YES;
				CLANG_WARN_CONSTANT_CONVERSION = YES;
				CLANG_WARN_DEPRECATED_OBJC_IMPLEMENTATIONS = YES;
				CLANG_WARN_DIRECT_OBJC_ISA_USAGE = YES_ERROR;
				CLANG_WARN_DOCUMENTATION_COMMENTS = YES;
				CLANG_WARN_EMPTY_BODY = YES;
				CLANG_WARN_ENUM_CONVERSION = YES;
				CLANG_WARN_INFINITE_RECURSION = YES;
				CLANG_WARN_INT_CONVERSION = YES;
				CLANG_WARN_NON_LITERAL_NULL_CONVERSION = YES;
				CLANG_WARN_OBJC_IMPLICIT_RETAIN_SELF = YES;
				CLANG_WARN_OBJC_LITERAL_CONVERSION = YES;
				CLANG_WARN_OBJC_ROOT_CLASS = YES_ERROR;
				CLANG_WARN_RANGE_LOOP_ANALYSIS = YES;
				CLANG_WARN_STRICT_PROTOTYPES = YES;
				CLANG_WARN_SUSPICIOUS_MOVE = YES;
				CLANG_WARN_UNGUARDED_AVAILABILITY = YES_AGGRESSIVE;
				CLANG_WARN_UNREACHABLE_CODE = YES;
				CLANG_WARN__DUPLICATE_METHOD_MATCH = YES;
				COPY_PHASE_STRIP = NO;
				DEBUG_INFORMATION_FORMAT = dwarf;
				ENABLE_STRICT_OBJC_MSGSEND = YES;
				ENABLE_TESTABILITY = YES;
				GCC_C_LANGUAGE_STANDARD = gnu11;
				GCC_DYNAMIC_NO_PIC = NO;
				GCC_NO_COMMON_BLOCKS = YES;
				GCC_OPTIMIZATION_LEVEL = 0;
				GCC_PREPROCESSOR_DEFINITIONS = (
					"DEBUG=1",
					"$(inherited)",
				);
				GCC_WARN_64_TO_32_BIT_CONVERSION = YES;
				GCC_WARN_ABOUT_RETURN_TYPE = YES_ERROR;
				GCC_WARN_UNDECLARED_SELECTOR = YES;
				GCC_WARN_UNINITIALIZED_AUTOS = YES_AGGRESSIVE;
				GCC_WARN_UNUSED_FUNCTION = YES;
				GCC_WARN_UNUSED_VARIABLE = YES;
				IPHONEOS_DEPLOYMENT_TARGET = 13.0;
				MTL_ENABLE_DEBUG_INFO = INCLUDE_SOURCE;
				MTL_FAST_MATH = YES;
				ONLY_ACTIVE_ARCH = YES;
				SDKROOT = iphoneos;
				SWIFT_ACTIVE_COMPILATION_CONDITIONS = DEBUG;
				SWIFT_OPTIMIZATION_LEVEL = "-Onone";
			};
			name = Debug;
		};
		8961B5CD248B887400822BA2 /* Release */ = {
			isa = XCBuildConfiguration;
			buildSettings = {
				ALWAYS_SEARCH_USER_PATHS = NO;
				CLANG_ANALYZER_NONNULL = YES;
				CLANG_ANALYZER_NUMBER_OBJECT_CONVERSION = YES_AGGRESSIVE;
				CLANG_CXX_LANGUAGE_STANDARD = "gnu++14";
				CLANG_CXX_LIBRARY = "libc++";
				CLANG_ENABLE_MODULES = YES;
				CLANG_ENABLE_OBJC_ARC = YES;
				CLANG_ENABLE_OBJC_WEAK = YES;
				CLANG_WARN_BLOCK_CAPTURE_AUTORELEASING = YES;
				CLANG_WARN_BOOL_CONVERSION = YES;
				CLANG_WARN_COMMA = YES;
				CLANG_WARN_CONSTANT_CONVERSION = YES;
				CLANG_WARN_DEPRECATED_OBJC_IMPLEMENTATIONS = YES;
				CLANG_WARN_DIRECT_OBJC_ISA_USAGE = YES_ERROR;
				CLANG_WARN_DOCUMENTATION_COMMENTS = YES;
				CLANG_WARN_EMPTY_BODY = YES;
				CLANG_WARN_ENUM_CONVERSION = YES;
				CLANG_WARN_INFINITE_RECURSION = YES;
				CLANG_WARN_INT_CONVERSION = YES;
				CLANG_WARN_NON_LITERAL_NULL_CONVERSION = YES;
				CLANG_WARN_OBJC_IMPLICIT_RETAIN_SELF = YES;
				CLANG_WARN_OBJC_LITERAL_CONVERSION = YES;
				CLANG_WARN_OBJC_ROOT_CLASS = YES_ERROR;
				CLANG_WARN_RANGE_LOOP_ANALYSIS = YES;
				CLANG_WARN_STRICT_PROTOTYPES = YES;
				CLANG_WARN_SUSPICIOUS_MOVE = YES;
				CLANG_WARN_UNGUARDED_AVAILABILITY = YES_AGGRESSIVE;
				CLANG_WARN_UNREACHABLE_CODE = YES;
				CLANG_WARN__DUPLICATE_METHOD_MATCH = YES;
				COPY_PHASE_STRIP = NO;
				DEBUG_INFORMATION_FORMAT = "dwarf-with-dsym";
				ENABLE_NS_ASSERTIONS = NO;
				ENABLE_STRICT_OBJC_MSGSEND = YES;
				GCC_C_LANGUAGE_STANDARD = gnu11;
				GCC_NO_COMMON_BLOCKS = YES;
				GCC_WARN_64_TO_32_BIT_CONVERSION = YES;
				GCC_WARN_ABOUT_RETURN_TYPE = YES_ERROR;
				GCC_WARN_UNDECLARED_SELECTOR = YES;
				GCC_WARN_UNINITIALIZED_AUTOS = YES_AGGRESSIVE;
				GCC_WARN_UNUSED_FUNCTION = YES;
				GCC_WARN_UNUSED_VARIABLE = YES;
				IPHONEOS_DEPLOYMENT_TARGET = 13.0;
				MTL_ENABLE_DEBUG_INFO = NO;
				MTL_FAST_MATH = YES;
				SDKROOT = iphoneos;
				SWIFT_COMPILATION_MODE = wholemodule;
				SWIFT_OPTIMIZATION_LEVEL = "-O";
				VALIDATE_PRODUCT = YES;
			};
			name = Release;
		};
		8961B5CF248B887400822BA2 /* Debug */ = {
			isa = XCBuildConfiguration;
			buildSettings = {
				ASSETCATALOG_COMPILER_APPICON_NAME = AppIcon;
				CODE_SIGN_STYLE = Automatic;
				DEVELOPMENT_TEAM = M4K7GTWCV2;
				INFOPLIST_FILE = JaeeunTest/Info.plist;
				LD_RUNPATH_SEARCH_PATHS = (
					"$(inherited)",
					"@executable_path/Frameworks",
				);
				PRODUCT_BUNDLE_IDENTIFIER = jbK.JaeeunTest;
				PRODUCT_NAME = "$(TARGET_NAME)";
				SWIFT_VERSION = 5.0;
				TARGETED_DEVICE_FAMILY = "1,2";
			};
			name = Debug;
		};
		8961B5D0248B887400822BA2 /* Release */ = {
			isa = XCBuildConfiguration;
			buildSettings = {
				ASSETCATALOG_COMPILER_APPICON_NAME = AppIcon;
				CODE_SIGN_STYLE = Automatic;
				DEVELOPMENT_TEAM = M4K7GTWCV2;
				INFOPLIST_FILE = JaeeunTest/Info.plist;
				LD_RUNPATH_SEARCH_PATHS = (
					"$(inherited)",
					"@executable_path/Frameworks",
				);
				PRODUCT_BUNDLE_IDENTIFIER = jbK.JaeeunTest;
				PRODUCT_NAME = "$(TARGET_NAME)";
				SWIFT_VERSION = 5.0;
				TARGETED_DEVICE_FAMILY = "1,2";
			};
			name = Release;
		};
/* End XCBuildConfiguration section */

/* Begin XCConfigurationList section */
		8961B5B5248B887200822BA2 /* Build configuration list for PBXProject "JaeeunTest" */ = {
			isa = XCConfigurationList;
			buildConfigurations = (
				8961B5CC248B887400822BA2 /* Debug */,
				8961B5CD248B887400822BA2 /* Release */,
			);
			defaultConfigurationIsVisible = 0;
			defaultConfigurationName = Release;
		};
		8961B5CE248B887400822BA2 /* Build configuration list for PBXNativeTarget "JaeeunTest" */ = {
			isa = XCConfigurationList;
			buildConfigurations = (
				8961B5CF248B887400822BA2 /* Debug */,
				8961B5D0248B887400822BA2 /* Release */,
			);
			defaultConfigurationIsVisible = 0;
			defaultConfigurationName = Release;
		};
/* End XCConfigurationList section */
	};
	rootObject = 8961B5B2248B887200822BA2 /* Project object */;
}
